// !$*UTF8*$!
{
	archiveVersion = 1;
	classes = {
	};
	objectVersion = 77;
	objects = {

/* Begin PBXBuildFile section */
		EF937F502EADA9120062CE06 /* MarkdownUI in Frameworks */ = {isa = PBXBuildFile; productRef = EF937F4F2EADA9120062CE06 /* MarkdownUI */; };
/* End PBXBuildFile section */

/* Begin PBXContainerItemProxy section */
		EF0092A52E46C06F00E5CDE1 /* PBXContainerItemProxy */ = {
			isa = PBXContainerItemProxy;
			containerPortal = EF00928C2E46C06E00E5CDE1 /* Project object */;
			proxyType = 1;
			remoteGlobalIDString = EF0092932E46C06E00E5CDE1;
			remoteInfo = Berry;
		};
		EF0092AF2E46C06F00E5CDE1 /* PBXContainerItemProxy */ = {
			isa = PBXContainerItemProxy;
			containerPortal = EF00928C2E46C06E00E5CDE1 /* Project object */;
			proxyType = 1;
			remoteGlobalIDString = EF0092932E46C06E00E5CDE1;
			remoteInfo = Berry;
		};
/* End PBXContainerItemProxy section */

/* Begin PBXFileReference section */
		EF0092942E46C06E00E5CDE1 /* Berry.app */ = {isa = PBXFileReference; explicitFileType = wrapper.application; includeInIndex = 0; path = Berry.app; sourceTree = BUILT_PRODUCTS_DIR; };
		EF0092A42E46C06F00E5CDE1 /* BerryTests.xctest */ = {isa = PBXFileReference; explicitFileType = wrapper.cfbundle; includeInIndex = 0; path = BerryTests.xctest; sourceTree = BUILT_PRODUCTS_DIR; };
		EF0092AE2E46C06F00E5CDE1 /* BerryUITests.xctest */ = {isa = PBXFileReference; explicitFileType = wrapper.cfbundle; includeInIndex = 0; path = BerryUITests.xctest; sourceTree = BUILT_PRODUCTS_DIR; };
/* End PBXFileReference section */

/* Begin PBXFileSystemSynchronizedRootGroup section */
		EF0092962E46C06E00E5CDE1 /* Berry */ = {
			isa = PBXFileSystemSynchronizedRootGroup;
			path = Berry;
			sourceTree = "<group>";
		};
		EF0092A72E46C06F00E5CDE1 /* BerryTests */ = {
			isa = PBXFileSystemSynchronizedRootGroup;
			path = BerryTests;
			sourceTree = "<group>";
		};
		EF0092B12E46C06F00E5CDE1 /* BerryUITests */ = {
			isa = PBXFileSystemSynchronizedRootGroup;
			path = BerryUITests;
			sourceTree = "<group>";
		};
/* End PBXFileSystemSynchronizedRootGroup section */

/* Begin PBXFrameworksBuildPhase section */
		EF0092912E46C06E00E5CDE1 /* Frameworks */ = {
			isa = PBXFrameworksBuildPhase;
			buildActionMask = 2147483647;
			files = (
				EF937F502EADA9120062CE06 /* MarkdownUI in Frameworks */,
			);
			runOnlyForDeploymentPostprocessing = 0;
		};
		EF0092A12E46C06F00E5CDE1 /* Frameworks */ = {
			isa = PBXFrameworksBuildPhase;
			buildActionMask = 2147483647;
			files = (
			);
			runOnlyForDeploymentPostprocessing = 0;
		};
		EF0092AB2E46C06F00E5CDE1 /* Frameworks */ = {
			isa = PBXFrameworksBuildPhase;
			buildActionMask = 2147483647;
			files = (
			);
			runOnlyForDeploymentPostprocessing = 0;
		};
/* End PBXFrameworksBuildPhase section */

/* Begin PBXGroup section */
		EF00928B2E46C06E00E5CDE1 = {
			isa = PBXGroup;
			children = (
				EF0092962E46C06E00E5CDE1 /* Berry */,
				EF0092A72E46C06F00E5CDE1 /* BerryTests */,
				EF0092B12E46C06F00E5CDE1 /* BerryUITests */,
				EF937F4E2EADA9120062CE06 /* Frameworks */,
				EF0092952E46C06E00E5CDE1 /* Products */,
			);
			sourceTree = "<group>";
		};
		EF0092952E46C06E00E5CDE1 /* Products */ = {
			isa = PBXGroup;
			children = (
				EF0092942E46C06E00E5CDE1 /* Berry.app */,
				EF0092A42E46C06F00E5CDE1 /* BerryTests.xctest */,
				EF0092AE2E46C06F00E5CDE1 /* BerryUITests.xctest */,
			);
			name = Products;
			sourceTree = "<group>";
		};
		EF937F4E2EADA9120062CE06 /* Frameworks */ = {
			isa = PBXGroup;
			children = (
			);
			name = Frameworks;
			sourceTree = "<group>";
		};
/* End PBXGroup section */

/* Begin PBXNativeTarget section */
		EF0092932E46C06E00E5CDE1 /* Berry */ = {
			isa = PBXNativeTarget;
			buildConfigurationList = EF0092B82E46C06F00E5CDE1 /* Build configuration list for PBXNativeTarget "Berry" */;
			buildPhases = (
				EF0092902E46C06E00E5CDE1 /* Sources */,
				EF0092912E46C06E00E5CDE1 /* Frameworks */,
				EF0092922E46C06E00E5CDE1 /* Resources */,
			);
			buildRules = (
			);
			dependencies = (
			);
			fileSystemSynchronizedGroups = (
				EF0092962E46C06E00E5CDE1 /* Berry */,
			);
			name = Berry;
			packageProductDependencies = (
				EF937F4F2EADA9120062CE06 /* MarkdownUI */,
			);
			productName = Berry;
			productReference = EF0092942E46C06E00E5CDE1 /* Berry.app */;
			productType = "com.apple.product-type.application";
		};
		EF0092A32E46C06F00E5CDE1 /* BerryTests */ = {
			isa = PBXNativeTarget;
			buildConfigurationList = EF0092BB2E46C06F00E5CDE1 /* Build configuration list for PBXNativeTarget "BerryTests" */;
			buildPhases = (
				EF0092A02E46C06F00E5CDE1 /* Sources */,
				EF0092A12E46C06F00E5CDE1 /* Frameworks */,
				EF0092A22E46C06F00E5CDE1 /* Resources */,
			);
			buildRules = (
			);
			dependencies = (
				EF0092A62E46C06F00E5CDE1 /* PBXTargetDependency */,
			);
			fileSystemSynchronizedGroups = (
				EF0092A72E46C06F00E5CDE1 /* BerryTests */,
			);
			name = BerryTests;
			packageProductDependencies = (
			);
			productName = BerryTests;
			productReference = EF0092A42E46C06F00E5CDE1 /* BerryTests.xctest */;
			productType = "com.apple.product-type.bundle.unit-test";
		};
		EF0092AD2E46C06F00E5CDE1 /* BerryUITests */ = {
			isa = PBXNativeTarget;
			buildConfigurationList = EF0092BE2E46C06F00E5CDE1 /* Build configuration list for PBXNativeTarget "BerryUITests" */;
			buildPhases = (
				EF0092AA2E46C06F00E5CDE1 /* Sources */,
				EF0092AB2E46C06F00E5CDE1 /* Frameworks */,
				EF0092AC2E46C06F00E5CDE1 /* Resources */,
			);
			buildRules = (
			);
			dependencies = (
				EF0092B02E46C06F00E5CDE1 /* PBXTargetDependency */,
			);
			fileSystemSynchronizedGroups = (
				EF0092B12E46C06F00E5CDE1 /* BerryUITests */,
			);
			name = BerryUITests;
			packageProductDependencies = (
			);
			productName = BerryUITests;
			productReference = EF0092AE2E46C06F00E5CDE1 /* BerryUITests.xctest */;
			productType = "com.apple.product-type.bundle.ui-testing";
		};
/* End PBXNativeTarget section */

/* Begin PBXProject section */
		EF00928C2E46C06E00E5CDE1 /* Project object */ = {
			isa = PBXProject;
			attributes = {
				BuildIndependentTargetsInParallel = 1;
				LastSwiftUpdateCheck = 1640;
				LastUpgradeCheck = 1640;
				TargetAttributes = {
					EF0092932E46C06E00E5CDE1 = {
						CreatedOnToolsVersion = 16.4;
					};
					EF0092A32E46C06F00E5CDE1 = {
						CreatedOnToolsVersion = 16.4;
						TestTargetID = EF0092932E46C06E00E5CDE1;
					};
					EF0092AD2E46C06F00E5CDE1 = {
						CreatedOnToolsVersion = 16.4;
						TestTargetID = EF0092932E46C06E00E5CDE1;
					};
				};
			};
			buildConfigurationList = EF00928F2E46C06E00E5CDE1 /* Build configuration list for PBXProject "Berry" */;
			developmentRegion = en;
			hasScannedForEncodings = 0;
			knownRegions = (
				en,
				Base,
			);
			mainGroup = EF00928B2E46C06E00E5CDE1;
			minimizedProjectReferenceProxies = 1;
			packageReferences = (
				EF937F4D2EADA7E60062CE06 /* XCRemoteSwiftPackageReference "swift-markdown-ui" */,
			);
			preferredProjectObjectVersion = 77;
			productRefGroup = EF0092952E46C06E00E5CDE1 /* Products */;
			projectDirPath = "";
			projectRoot = "";
			targets = (
				EF0092932E46C06E00E5CDE1 /* Berry */,
				EF0092A32E46C06F00E5CDE1 /* BerryTests */,
				EF0092AD2E46C06F00E5CDE1 /* BerryUITests */,
			);
		};
/* End PBXProject section */

/* Begin PBXResourcesBuildPhase section */
		EF0092922E46C06E00E5CDE1 /* Resources */ = {
			isa = PBXResourcesBuildPhase;
			buildActionMask = 2147483647;
			files = (
			);
			runOnlyForDeploymentPostprocessing = 0;
		};
		EF0092A22E46C06F00E5CDE1 /* Resources */ = {
			isa = PBXResourcesBuildPhase;
			buildActionMask = 2147483647;
			files = (
			);
			runOnlyForDeploymentPostprocessing = 0;
		};
		EF0092AC2E46C06F00E5CDE1 /* Resources */ = {
			isa = PBXResourcesBuildPhase;
			buildActionMask = 2147483647;
			files = (
			);
			runOnlyForDeploymentPostprocessing = 0;
		};
/* End PBXResourcesBuildPhase section */

/* Begin PBXSourcesBuildPhase section */
		EF0092902E46C06E00E5CDE1 /* Sources */ = {
			isa = PBXSourcesBuildPhase;
			buildActionMask = 2147483647;
			files = (
			);
			runOnlyForDeploymentPostprocessing = 0;
		};
		EF0092A02E46C06F00E5CDE1 /* Sources */ = {
			isa = PBXSourcesBuildPhase;
			buildActionMask = 2147483647;
			files = (
			);
			runOnlyForDeploymentPostprocessing = 0;
		};
		EF0092AA2E46C06F00E5CDE1 /* Sources */ = {
			isa = PBXSourcesBuildPhase;
			buildActionMask = 2147483647;
			files = (
			);
			runOnlyForDeploymentPostprocessing = 0;
		};
/* End PBXSourcesBuildPhase section */

/* Begin PBXTargetDependency section */
		EF0092A62E46C06F00E5CDE1 /* PBXTargetDependency */ = {
			isa = PBXTargetDependency;
			target = EF0092932E46C06E00E5CDE1 /* Berry */;
			targetProxy = EF0092A52E46C06F00E5CDE1 /* PBXContainerItemProxy */;
		};
		EF0092B02E46C06F00E5CDE1 /* PBXTargetDependency */ = {
			isa = PBXTargetDependency;
			target = EF0092932E46C06E00E5CDE1 /* Berry */;
			targetProxy = EF0092AF2E46C06F00E5CDE1 /* PBXContainerItemProxy */;
		};
/* End PBXTargetDependency section */

/* Begin XCBuildConfiguration section */
		EF0092B62E46C06F00E5CDE1 /* Debug */ = {
			isa = XCBuildConfiguration;
			buildSettings = {
				ALWAYS_SEARCH_USER_PATHS = NO;
				ASSETCATALOG_COMPILER_GENERATE_SWIFT_ASSET_SYMBOL_EXTENSIONS = YES;
				CLANG_ANALYZER_NONNULL = YES;
				CLANG_ANALYZER_NUMBER_OBJECT_CONVERSION = YES_AGGRESSIVE;
				CLANG_CXX_LANGUAGE_STANDARD = "gnu++20";
				CLANG_ENABLE_MODULES = YES;
				CLANG_ENABLE_OBJC_ARC = YES;
				CLANG_ENABLE_OBJC_WEAK = YES;
				CLANG_WARN_BLOCK_CAPTURE_AUTORELEASING = YES;
				CLANG_WARN_BOOL_CONVERSION = YES;
				CLANG_WARN_COMMA = YES;
				CLANG_WARN_CONSTANT_CONVERSION = YES;
				CLANG_WARN_DEPRECATED_OBJC_IMPLEMENTATIONS = YES;
				CLANG_WARN_DIRECT_OBJC_ISA_USAGE = YES_ERROR;
				CLANG_WARN_DOCUMENTATION_COMMENTS = YES;
				CLANG_WARN_EMPTY_BODY = YES;
				CLANG_WARN_ENUM_CONVERSION = YES;
				CLANG_WARN_INFINITE_RECURSION = YES;
				CLANG_WARN_INT_CONVERSION = YES;
				CLANG_WARN_NON_LITERAL_NULL_CONVERSION = YES;
				CLANG_WARN_OBJC_IMPLICIT_RETAIN_SELF = YES;
				CLANG_WARN_OBJC_LITERAL_CONVERSION = YES;
				CLANG_WARN_OBJC_ROOT_CLASS = YES_ERROR;
				CLANG_WARN_QUOTED_INCLUDE_IN_FRAMEWORK_HEADER = YES;
				CLANG_WARN_RANGE_LOOP_ANALYSIS = YES;
				CLANG_WARN_STRICT_PROTOTYPES = YES;
				CLANG_WARN_SUSPICIOUS_MOVE = YES;
				CLANG_WARN_UNGUARDED_AVAILABILITY = YES_AGGRESSIVE;
				CLANG_WARN_UNREACHABLE_CODE = YES;
				CLANG_WARN__DUPLICATE_METHOD_MATCH = YES;
				COPY_PHASE_STRIP = NO;
				DEBUG_INFORMATION_FORMAT = dwarf;
				DEVELOPMENT_TEAM = LJ399W5D4K;
				ENABLE_STRICT_OBJC_MSGSEND = YES;
				ENABLE_TESTABILITY = YES;
				ENABLE_USER_SCRIPT_SANDBOXING = YES;
				GCC_C_LANGUAGE_STANDARD = gnu17;
				GCC_DYNAMIC_NO_PIC = NO;
				GCC_NO_COMMON_BLOCKS = YES;
				GCC_OPTIMIZATION_LEVEL = 0;
				GCC_PREPROCESSOR_DEFINITIONS = (
					"DEBUG=1",
					"$(inherited)",
				);
				GCC_WARN_64_TO_32_BIT_CONVERSION = YES;
				GCC_WARN_ABOUT_RETURN_TYPE = YES_ERROR;
				GCC_WARN_UNDECLARED_SELECTOR = YES;
				GCC_WARN_UNINITIALIZED_AUTOS = YES_AGGRESSIVE;
				GCC_WARN_UNUSED_FUNCTION = YES;
				GCC_WARN_UNUSED_VARIABLE = YES;
				LOCALIZATION_PREFERS_STRING_CATALOGS = YES;
				MACOSX_DEPLOYMENT_TARGET = 15.5;
				MTL_ENABLE_DEBUG_INFO = INCLUDE_SOURCE;
				MTL_FAST_MATH = YES;
				ONLY_ACTIVE_ARCH = YES;
				SDKROOT = macosx;
				SWIFT_ACTIVE_COMPILATION_CONDITIONS = "DEBUG $(inherited)";
				SWIFT_OPTIMIZATION_LEVEL = "-Onone";
			};
			name = Debug;
		};
		EF0092B72E46C06F00E5CDE1 /* Release */ = {
			isa = XCBuildConfiguration;
			buildSettings = {
				ALWAYS_SEARCH_USER_PATHS = NO;
				ASSETCATALOG_COMPILER_GENERATE_SWIFT_ASSET_SYMBOL_EXTENSIONS = YES;
				CLANG_ANALYZER_NONNULL = YES;
				CLANG_ANALYZER_NUMBER_OBJECT_CONVERSION = YES_AGGRESSIVE;
				CLANG_CXX_LANGUAGE_STANDARD = "gnu++20";
				CLANG_ENABLE_MODULES = YES;
				CLANG_ENABLE_OBJC_ARC = YES;
				CLANG_ENABLE_OBJC_WEAK = YES;
				CLANG_WARN_BLOCK_CAPTURE_AUTORELEASING = YES;
				CLANG_WARN_BOOL_CONVERSION = YES;
				CLANG_WARN_COMMA = YES;
				CLANG_WARN_CONSTANT_CONVERSION = YES;
				CLANG_WARN_DEPRECATED_OBJC_IMPLEMENTATIONS = YES;
				CLANG_WARN_DIRECT_OBJC_ISA_USAGE = YES_ERROR;
				CLANG_WARN_DOCUMENTATION_COMMENTS = YES;
				CLANG_WARN_EMPTY_BODY = YES;
				CLANG_WARN_ENUM_CONVERSION = YES;
				CLANG_WARN_INFINITE_RECURSION = YES;
				CLANG_WARN_INT_CONVERSION = YES;
				CLANG_WARN_NON_LITERAL_NULL_CONVERSION = YES;
				CLANG_WARN_OBJC_IMPLICIT_RETAIN_SELF = YES;
				CLANG_WARN_OBJC_LITERAL_CONVERSION = YES;
				CLANG_WARN_OBJC_ROOT_CLASS = YES_ERROR;
				CLANG_WARN_QUOTED_INCLUDE_IN_FRAMEWORK_HEADER = YES;
				CLANG_WARN_RANGE_LOOP_ANALYSIS = YES;
				CLANG_WARN_STRICT_PROTOTYPES = YES;
				CLANG_WARN_SUSPICIOUS_MOVE = YES;
				CLANG_WARN_UNGUARDED_AVAILABILITY = YES_AGGRESSIVE;
				CLANG_WARN_UNREACHABLE_CODE = YES;
				CLANG_WARN__DUPLICATE_METHOD_MATCH = YES;
				COPY_PHASE_STRIP = NO;
				DEBUG_INFORMATION_FORMAT = "dwarf-with-dsym";
				DEVELOPMENT_TEAM = LJ399W5D4K;
				ENABLE_NS_ASSERTIONS = NO;
				ENABLE_STRICT_OBJC_MSGSEND = YES;
				ENABLE_USER_SCRIPT_SANDBOXING = YES;
				GCC_C_LANGUAGE_STANDARD = gnu17;
				GCC_NO_COMMON_BLOCKS = YES;
				GCC_WARN_64_TO_32_BIT_CONVERSION = YES;
				GCC_WARN_ABOUT_RETURN_TYPE = YES_ERROR;
				GCC_WARN_UNDECLARED_SELECTOR = YES;
				GCC_WARN_UNINITIALIZED_AUTOS = YES_AGGRESSIVE;
				GCC_WARN_UNUSED_FUNCTION = YES;
				GCC_WARN_UNUSED_VARIABLE = YES;
				LOCALIZATION_PREFERS_STRING_CATALOGS = YES;
				MACOSX_DEPLOYMENT_TARGET = 15.5;
				MTL_ENABLE_DEBUG_INFO = NO;
				MTL_FAST_MATH = YES;
				SDKROOT = macosx;
				SWIFT_COMPILATION_MODE = wholemodule;
			};
			name = Release;
		};
		EF0092B92E46C06F00E5CDE1 /* Debug */ = {
			isa = XCBuildConfiguration;
			buildSettings = {
				ASSETCATALOG_COMPILER_APPICON_NAME = AppIcon;
				ASSETCATALOG_COMPILER_GLOBAL_ACCENT_COLOR_NAME = AccentColor;
				CODE_SIGN_ENTITLEMENTS = Berry/Berry.entitlements;
				CODE_SIGN_STYLE = Automatic;
				COMBINE_HIDPI_IMAGES = YES;
				CURRENT_PROJECT_VERSION = 1;
				DEVELOPMENT_TEAM = LJ399W5D4K;
				ENABLE_HARDENED_RUNTIME = YES;
				ENABLE_PREVIEWS = YES;
				GENERATE_INFOPLIST_FILE = YES;
				INFOPLIST_KEY_NSHumanReadableCopyright = "";
				LD_RUNPATH_SEARCH_PATHS = (
					"$(inherited)",
					"@executable_path/../Frameworks",
				);
				MACOSX_DEPLOYMENT_TARGET = 14.0;
				MARKETING_VERSION = 1.0;
				PRODUCT_BUNDLE_IDENTIFIER = Workshop.Berry;
				PRODUCT_NAME = "$(TARGET_NAME)";
				REGISTER_APP_GROUPS = YES;
				SWIFT_EMIT_LOC_STRINGS = YES;
				SWIFT_VERSION = 5.0;
			};
			name = Debug;
		};
		EF0092BA2E46C06F00E5CDE1 /* Release */ = {
			isa = XCBuildConfiguration;
			buildSettings = {
				ASSETCATALOG_COMPILER_APPICON_NAME = AppIcon;
				ASSETCATALOG_COMPILER_GLOBAL_ACCENT_COLOR_NAME = AccentColor;
				CODE_SIGN_ENTITLEMENTS = Berry/Berry.entitlements;
				CODE_SIGN_STYLE = Automatic;
				COMBINE_HIDPI_IMAGES = YES;
				CURRENT_PROJECT_VERSION = 1;
				DEVELOPMENT_TEAM = LJ399W5D4K;
				ENABLE_HARDENED_RUNTIME = YES;
				ENABLE_PREVIEWS = YES;
				GENERATE_INFOPLIST_FILE = YES;
				INFOPLIST_KEY_NSHumanReadableCopyright = "";
				LD_RUNPATH_SEARCH_PATHS = (
					"$(inherited)",
					"@executable_path/../Frameworks",
				);
				MACOSX_DEPLOYMENT_TARGET = 14.0;
				MARKETING_VERSION = 1.0;
				PRODUCT_BUNDLE_IDENTIFIER = Workshop.Berry;
				PRODUCT_NAME = "$(TARGET_NAME)";
				REGISTER_APP_GROUPS = YES;
				SWIFT_EMIT_LOC_STRINGS = YES;
				SWIFT_VERSION = 5.0;
			};
			name = Release;
		};
		EF0092BC2E46C06F00E5CDE1 /* Debug */ = {
			isa = XCBuildConfiguration;
			buildSettings = {
				BUNDLE_LOADER = "$(TEST_HOST)";
				CODE_SIGN_STYLE = Automatic;
				CURRENT_PROJECT_VERSION = 1;
				DEVELOPMENT_TEAM = LJ399W5D4K;
				GENERATE_INFOPLIST_FILE = YES;
				MACOSX_DEPLOYMENT_TARGET = 14.0;
				MARKETING_VERSION = 1.0;
				PRODUCT_BUNDLE_IDENTIFIER = Workshop.BerryTests;
				PRODUCT_NAME = "$(TARGET_NAME)";
				SWIFT_EMIT_LOC_STRINGS = NO;
				SWIFT_VERSION = 5.0;
				TEST_HOST = "$(BUILT_PRODUCTS_DIR)/Berry.app/$(BUNDLE_EXECUTABLE_FOLDER_PATH)/Berry";
			};
			name = Debug;
		};
		EF0092BD2E46C06F00E5CDE1 /* Release */ = {
			isa = XCBuildConfiguration;
			buildSettings = {
				BUNDLE_LOADER = "$(TEST_HOST)";
				CODE_SIGN_STYLE = Automatic;
				CURRENT_PROJECT_VERSION = 1;
				DEVELOPMENT_TEAM = LJ399W5D4K;
				GENERATE_INFOPLIST_FILE = YES;
				MACOSX_DEPLOYMENT_TARGET = 14.0;
				MARKETING_VERSION = 1.0;
				PRODUCT_BUNDLE_IDENTIFIER = Workshop.BerryTests;
				PRODUCT_NAME = "$(TARGET_NAME)";
				SWIFT_EMIT_LOC_STRINGS = NO;
				SWIFT_VERSION = 5.0;
				TEST_HOST = "$(BUILT_PRODUCTS_DIR)/Berry.app/$(BUNDLE_EXECUTABLE_FOLDER_PATH)/Berry";
			};
			name = Release;
		};
		EF0092BF2E46C06F00E5CDE1 /* Debug */ = {
			isa = XCBuildConfiguration;
			buildSettings = {
				CODE_SIGN_STYLE = Automatic;
				CURRENT_PROJECT_VERSION = 1;
				DEVELOPMENT_TEAM = LJ399W5D4K;
				GENERATE_INFOPLIST_FILE = YES;
				MARKETING_VERSION = 1.0;
				PRODUCT_BUNDLE_IDENTIFIER = Workshop.BerryUITests;
				PRODUCT_NAME = "$(TARGET_NAME)";
				SWIFT_EMIT_LOC_STRINGS = NO;
				SWIFT_VERSION = 5.0;
				TEST_TARGET_NAME = Berry;
			};
			name = Debug;
		};
		EF0092C02E46C06F00E5CDE1 /* Release */ = {
			isa = XCBuildConfiguration;
			buildSettings = {
				CODE_SIGN_STYLE = Automatic;
				CURRENT_PROJECT_VERSION = 1;
				DEVELOPMENT_TEAM = LJ399W5D4K;
				GENERATE_INFOPLIST_FILE = YES;
				MARKETING_VERSION = 1.0;
				PRODUCT_BUNDLE_IDENTIFIER = Workshop.BerryUITests;
				PRODUCT_NAME = "$(TARGET_NAME)";
				SWIFT_EMIT_LOC_STRINGS = NO;
				SWIFT_VERSION = 5.0;
				TEST_TARGET_NAME = Berry;
			};
			name = Release;
		};
/* End XCBuildConfiguration section */

/* Begin XCConfigurationList section */
		EF00928F2E46C06E00E5CDE1 /* Build configuration list for PBXProject "Berry" */ = {
			isa = XCConfigurationList;
			buildConfigurations = (
				EF0092B62E46C06F00E5CDE1 /* Debug */,
				EF0092B72E46C06F00E5CDE1 /* Release */,
			);
			defaultConfigurationIsVisible = 0;
			defaultConfigurationName = Release;
		};
		EF0092B82E46C06F00E5CDE1 /* Build configuration list for PBXNativeTarget "Berry" */ = {
			isa = XCConfigurationList;
			buildConfigurations = (
				EF0092B92E46C06F00E5CDE1 /* Debug */,
				EF0092BA2E46C06F00E5CDE1 /* Release */,
			);
			defaultConfigurationIsVisible = 0;
			defaultConfigurationName = Release;
		};
		EF0092BB2E46C06F00E5CDE1 /* Build configuration list for PBXNativeTarget "BerryTests" */ = {
			isa = XCConfigurationList;
			buildConfigurations = (
				EF0092BC2E46C06F00E5CDE1 /* Debug */,
				EF0092BD2E46C06F00E5CDE1 /* Release */,
			);
			defaultConfigurationIsVisible = 0;
			defaultConfigurationName = Release;
		};
		EF0092BE2E46C06F00E5CDE1 /* Build configuration list for PBXNativeTarget "BerryUITests" */ = {
			isa = XCConfigurationList;
			buildConfigurations = (
				EF0092BF2E46C06F00E5CDE1 /* Debug */,
				EF0092C02E46C06F00E5CDE1 /* Release */,
			);
			defaultConfigurationIsVisible = 0;
			defaultConfigurationName = Release;
		};
/* End XCConfigurationList section */

/* Begin XCRemoteSwiftPackageReference section */
		EF937F4D2EADA7E60062CE06 /* XCRemoteSwiftPackageReference "swift-markdown-ui" */ = {
			isa = XCRemoteSwiftPackageReference;
			repositoryURL = "https://github.com/gonzalezreal/swift-markdown-ui";
			requirement = {
				kind = upToNextMajorVersion;
				minimumVersion = 2.4.1;
			};
		};
/* End XCRemoteSwiftPackageReference section */

/* Begin XCSwiftPackageProductDependency section */
		EF937F4F2EADA9120062CE06 /* MarkdownUI */ = {
			isa = XCSwiftPackageProductDependency;
			package = EF937F4D2EADA7E60062CE06 /* XCRemoteSwiftPackageReference "swift-markdown-ui" */;
			productName = MarkdownUI;
		};
/* End XCSwiftPackageProductDependency section */
	};
	rootObject = EF00928C2E46C06E00E5CDE1 /* Project object */;
}
